
Microsoft Visual Studio Solution File, Format Version 12.00
# Visual Studio Version 17
VisualStudioVersion = 17.0.31903.59
MinimumVisualStudioVersion = 10.0.40219.1
Project("{2150E333-8FDC-42A3-9474-1A3956D46DE8}") = "src", "src", "{827E0CD3-B72D-47B6-A68D-7590B98EB39B}"
EndProject
Project("{FAE04EC0-301F-11D3-BF4B-00C04F79EFBC}") = "Domain", "src\Domain\Domain.csproj", "{B7753C56-01C2-4264-AD39-FD337FA5E91B}"
EndProject
Project("{FAE04EC0-301F-11D3-BF4B-00C04F79EFBC}") = "Application", "src\Application\Application.csproj", "{4F906060-FDE9-4087-8D5C-F3E22EF404A5}"
EndProject
Project("{FAE04EC0-301F-11D3-BF4B-00C04F79EFBC}") = "Infrastructure", "src\Infrastructure\Infrastructure.csproj", "{F39469A2-9611-4426-B6DE-545210880DAC}"
EndProject
Project("{FAE04EC0-301F-11D3-BF4B-00C04F79EFBC}") = "Shared", "src\Shared\Shared.csproj", "{46A47D8E-08EF-4FCA-B880-7782427C71C7}"
EndProject
Project("{FAE04EC0-301F-11D3-BF4B-00C04F79EFBC}") = "BuildingBlocks.Common", "src\BuildingBlocks\Common\BuildingBlocks.Common.csproj", "{CD83DE5C-2040-4CF0-A72B-D87BC127F834}"
EndProject
Project("{FAE04EC0-301F-11D3-BF4B-00C04F79EFBC}") = "BuildingBlocks.Exceptions", "src\BuildingBlocks\Exceptions\BuildingBlocks.Exceptions.csproj", "{5F600DE2-3F7A-4EA1-ABB3-23F24D755325}"
EndProject
Project("{FAE04EC0-301F-11D3-BF4B-00C04F79EFBC}") = "BuildingBlocks.Persistence", "src\BuildingBlocks\Persistence\BuildingBlocks.Persistence.csproj", "{2E2727E7-3FB0-4708-B799-E22F91A19BAF}"
EndProject
Project("{FAE04EC0-301F-11D3-BF4B-00C04F79EFBC}") = "Api.BackOffice", "src\Api.BackOffice\Api.BackOffice.csproj", "{88AE8EFF-0B7D-4A2E-9D3D-FFFE26EFA031}"
EndProject
Project("{FAE04EC0-301F-11D3-BF4B-00C04F79EFBC}") = "Api.Portal", "src\Api.Portal\Api.Portal.csproj", "{02F4C0B1-06F3-4421-A206-C06728FEF822}"
EndProject
Project("{FAE04EC0-301F-11D3-BF4B-00C04F79EFBC}") = "Workers", "src\Workers\Workers.csproj", "{F43D9985-A42F-426A-9575-53FD353F2E62}"
EndProject
Global
	GlobalSection(SolutionConfigurationPlatforms) = preSolution
		Debug|Any CPU = Debug|Any CPU
		Debug|x64 = Debug|x64
		Debug|x86 = Debug|x86
		Release|Any CPU = Release|Any CPU
		Release|x64 = Release|x64
		Release|x86 = Release|x86
	EndGlobalSection
	GlobalSection(ProjectConfigurationPlatforms) = postSolution
		{B7753C56-01C2-4264-AD39-FD337FA5E91B}.Debug|Any CPU.ActiveCfg = Debug|Any CPU
		{B7753C56-01C2-4264-AD39-FD337FA5E91B}.Debug|Any CPU.Build.0 = Debug|Any CPU
		{B7753C56-01C2-4264-AD39-FD337FA5E91B}.Debug|x64.ActiveCfg = Debug|Any CPU
		{B7753C56-01C2-4264-AD39-FD337FA5E91B}.Debug|x64.Build.0 = Debug|Any CPU
		{B7753C56-01C2-4264-AD39-FD337FA5E91B}.Debug|x86.ActiveCfg = Debug|Any CPU
		{B7753C56-01C2-4264-AD39-FD337FA5E91B}.Debug|x86.Build.0 = Debug|Any CPU
		{B7753C56-01C2-4264-AD39-FD337FA5E91B}.Release|Any CPU.ActiveCfg = Release|Any CPU
		{B7753C56-01C2-4264-AD39-FD337FA5E91B}.Release|Any CPU.Build.0 = Release|Any CPU
		{B7753C56-01C2-4264-AD39-FD337FA5E91B}.Release|x64.ActiveCfg = Release|Any CPU
		{B7753C56-01C2-4264-AD39-FD337FA5E91B}.Release|x64.Build.0 = Release|Any CPU
		{B7753C56-01C2-4264-AD39-FD337FA5E91B}.Release|x86.ActiveCfg = Release|Any CPU
		{B7753C56-01C2-4264-AD39-FD337FA5E91B}.Release|x86.Build.0 = Release|Any CPU
		{4F906060-FDE9-4087-8D5C-F3E22EF404A5}.Debug|Any CPU.ActiveCfg = Debug|Any CPU
		{4F906060-FDE9-4087-8D5C-F3E22EF404A5}.Debug|Any CPU.Build.0 = Debug|Any CPU
		{4F906060-FDE9-4087-8D5C-F3E22EF404A5}.Debug|x64.ActiveCfg = Debug|Any CPU
		{4F906060-FDE9-4087-8D5C-F3E22EF404A5}.Debug|x64.Build.0 = Debug|Any CPU
		{4F906060-FDE9-4087-8D5C-F3E22EF404A5}.Debug|x86.ActiveCfg = Debug|Any CPU
		{4F906060-FDE9-4087-8D5C-F3E22EF404A5}.Debug|x86.Build.0 = Debug|Any CPU
		{4F906060-FDE9-4087-8D5C-F3E22EF404A5}.Release|Any CPU.ActiveCfg = Release|Any CPU
		{4F906060-FDE9-4087-8D5C-F3E22EF404A5}.Release|Any CPU.Build.0 = Release|Any CPU
		{4F906060-FDE9-4087-8D5C-F3E22EF404A5}.Release|x64.ActiveCfg = Release|Any CPU
		{4F906060-FDE9-4087-8D5C-F3E22EF404A5}.Release|x64.Build.0 = Release|Any CPU
		{4F906060-FDE9-4087-8D5C-F3E22EF404A5}.Release|x86.ActiveCfg = Release|Any CPU
		{4F906060-FDE9-4087-8D5C-F3E22EF404A5}.Release|x86.Build.0 = Release|Any CPU
		{F39469A2-9611-4426-B6DE-545210880DAC}.Debug|Any CPU.ActiveCfg = Debug|Any CPU
		{F39469A2-9611-4426-B6DE-545210880DAC}.Debug|Any CPU.Build.0 = Debug|Any CPU
		{F39469A2-9611-4426-B6DE-545210880DAC}.Debug|x64.ActiveCfg = Debug|Any CPU
		{F39469A2-9611-4426-B6DE-545210880DAC}.Debug|x64.Build.0 = Debug|Any CPU
		{F39469A2-9611-4426-B6DE-545210880DAC}.Debug|x86.ActiveCfg = Debug|Any CPU
		{F39469A2-9611-4426-B6DE-545210880DAC}.Debug|x86.Build.0 = Debug|Any CPU
		{F39469A2-9611-4426-B6DE-545210880DAC}.Release|Any CPU.ActiveCfg = Release|Any CPU
		{F39469A2-9611-4426-B6DE-545210880DAC}.Release|Any CPU.Build.0 = Release|Any CPU
		{F39469A2-9611-4426-B6DE-545210880DAC}.Release|x64.ActiveCfg = Release|Any CPU
		{F39469A2-9611-4426-B6DE-545210880DAC}.Release|x64.Build.0 = Release|Any CPU
		{F39469A2-9611-4426-B6DE-545210880DAC}.Release|x86.ActiveCfg = Release|Any CPU
		{F39469A2-9611-4426-B6DE-545210880DAC}.Release|x86.Build.0 = Release|Any CPU
		{46A47D8E-08EF-4FCA-B880-7782427C71C7}.Debug|Any CPU.ActiveCfg = Debug|Any CPU
		{46A47D8E-08EF-4FCA-B880-7782427C71C7}.Debug|Any CPU.Build.0 = Debug|Any CPU
		{46A47D8E-08EF-4FCA-B880-7782427C71C7}.Debug|x64.ActiveCfg = Debug|Any CPU
		{46A47D8E-08EF-4FCA-B880-7782427C71C7}.Debug|x64.Build.0 = Debug|Any CPU
		{46A47D8E-08EF-4FCA-B880-7782427C71C7}.Debug|x86.ActiveCfg = Debug|Any CPU
		{46A47D8E-08EF-4FCA-B880-7782427C71C7}.Debug|x86.Build.0 = Debug|Any CPU
		{46A47D8E-08EF-4FCA-B880-7782427C71C7}.Release|Any CPU.ActiveCfg = Release|Any CPU
		{46A47D8E-08EF-4FCA-B880-7782427C71C7}.Release|Any CPU.Build.0 = Release|Any CPU
		{46A47D8E-08EF-4FCA-B880-7782427C71C7}.Release|x64.ActiveCfg = Release|Any CPU
		{46A47D8E-08EF-4FCA-B880-7782427C71C7}.Release|x64.Build.0 = Release|Any CPU
		{46A47D8E-08EF-4FCA-B880-7782427C71C7}.Release|x86.ActiveCfg = Release|Any CPU
		{46A47D8E-08EF-4FCA-B880-7782427C71C7}.Release|x86.Build.0 = Release|Any CPU
		{CD83DE5C-2040-4CF0-A72B-D87BC127F834}.Debug|Any CPU.ActiveCfg = Debug|Any CPU
		{CD83DE5C-2040-4CF0-A72B-D87BC127F834}.Debug|Any CPU.Build.0 = Debug|Any CPU
		{CD83DE5C-2040-4CF0-A72B-D87BC127F834}.Debug|x64.ActiveCfg = Debug|Any CPU
		{CD83DE5C-2040-4CF0-A72B-D87BC127F834}.Debug|x64.Build.0 = Debug|Any CPU
		{CD83DE5C-2040-4CF0-A72B-D87BC127F834}.Debug|x86.ActiveCfg = Debug|Any CPU
		{CD83DE5C-2040-4CF0-A72B-D87BC127F834}.Debug|x86.Build.0 = Debug|Any CPU
		{CD83DE5C-2040-4CF0-A72B-D87BC127F834}.Release|Any CPU.ActiveCfg = Release|Any CPU
		{CD83DE5C-2040-4CF0-A72B-D87BC127F834}.Release|Any CPU.Build.0 = Release|Any CPU
		{CD83DE5C-2040-4CF0-A72B-D87BC127F834}.Release|x64.ActiveCfg = Release|Any CPU
		{CD83DE5C-2040-4CF0-A72B-D87BC127F834}.Release|x64.Build.0 = Release|Any CPU
		{CD83DE5C-2040-4CF0-A72B-D87BC127F834}.Release|x86.ActiveCfg = Release|Any CPU
		{CD83DE5C-2040-4CF0-A72B-D87BC127F834}.Release|x86.Build.0 = Release|Any CPU
		{5F600DE2-3F7A-4EA1-ABB3-23F24D755325}.Debug|Any CPU.ActiveCfg = Debug|Any CPU
		{5F600DE2-3F7A-4EA1-ABB3-23F24D755325}.Debug|Any CPU.Build.0 = Debug|Any CPU
		{5F600DE2-3F7A-4EA1-ABB3-23F24D755325}.Debug|x64.ActiveCfg = Debug|Any CPU
		{5F600DE2-3F7A-4EA1-ABB3-23F24D755325}.Debug|x64.Build.0 = Debug|Any CPU
		{5F600DE2-3F7A-4EA1-ABB3-23F24D755325}.Debug|x86.ActiveCfg = Debug|Any CPU
		{5F600DE2-3F7A-4EA1-ABB3-23F24D755325}.Debug|x86.Build.0 = Debug|Any CPU
		{5F600DE2-3F7A-4EA1-ABB3-23F24D755325}.Release|Any CPU.ActiveCfg = Release|Any CPU
		{5F600DE2-3F7A-4EA1-ABB3-23F24D755325}.Release|Any CPU.Build.0 = Release|Any CPU
		{5F600DE2-3F7A-4EA1-ABB3-23F24D755325}.Release|x64.ActiveCfg = Release|Any CPU
		{5F600DE2-3F7A-4EA1-ABB3-23F24D755325}.Release|x64.Build.0 = Release|Any CPU
		{5F600DE2-3F7A-4EA1-ABB3-23F24D755325}.Release|x86.ActiveCfg = Release|Any CPU
		{5F600DE2-3F7A-4EA1-ABB3-23F24D755325}.Release|x86.Build.0 = Release|Any CPU
		{2E2727E7-3FB0-4708-B799-E22F91A19BAF}.Debug|Any CPU.ActiveCfg = Debug|Any CPU
		{2E2727E7-3FB0-4708-B799-E22F91A19BAF}.Debug|Any CPU.Build.0 = Debug|Any CPU
		{2E2727E7-3FB0-4708-B799-E22F91A19BAF}.Debug|x64.ActiveCfg = Debug|Any CPU
		{2E2727E7-3FB0-4708-B799-E22F91A19BAF}.Debug|x64.Build.0 = Debug|Any CPU
		{2E2727E7-3FB0-4708-B799-E22F91A19BAF}.Debug|x86.ActiveCfg = Debug|Any CPU
		{2E2727E7-3FB0-4708-B799-E22F91A19BAF}.Debug|x86.Build.0 = Debug|Any CPU
		{2E2727E7-3FB0-4708-B799-E22F91A19BAF}.Release|Any CPU.ActiveCfg = Release|Any CPU
		{2E2727E7-3FB0-4708-B799-E22F91A19BAF}.Release|Any CPU.Build.0 = Release|Any CPU
		{2E2727E7-3FB0-4708-B799-E22F91A19BAF}.Release|x64.ActiveCfg = Release|Any CPU
		{2E2727E7-3FB0-4708-B799-E22F91A19BAF}.Release|x64.Build.0 = Release|Any CPU
		{2E2727E7-3FB0-4708-B799-E22F91A19BAF}.Release|x86.ActiveCfg = Release|Any CPU
		{2E2727E7-3FB0-4708-B799-E22F91A19BAF}.Release|x86.Build.0 = Release|Any CPU
		{88AE8EFF-0B7D-4A2E-9D3D-FFFE26EFA031}.Debug|Any CPU.ActiveCfg = Debug|Any CPU
		{88AE8EFF-0B7D-4A2E-9D3D-FFFE26EFA031}.Debug|Any CPU.Build.0 = Debug|Any CPU
		{88AE8EFF-0B7D-4A2E-9D3D-FFFE26EFA031}.Debug|x64.ActiveCfg = Debug|Any CPU
		{88AE8EFF-0B7D-4A2E-9D3D-FFFE26EFA031}.Debug|x64.Build.0 = Debug|Any CPU
		{88AE8EFF-0B7D-4A2E-9D3D-FFFE26EFA031}.Debug|x86.ActiveCfg = Debug|Any CPU
		{88AE8EFF-0B7D-4A2E-9D3D-FFFE26EFA031}.Debug|x86.Build.0 = Debug|Any CPU
		{88AE8EFF-0B7D-4A2E-9D3D-FFFE26EFA031}.Release|Any CPU.ActiveCfg = Release|Any CPU
		{88AE8EFF-0B7D-4A2E-9D3D-FFFE26EFA031}.Release|Any CPU.Build.0 = Release|Any CPU
		{88AE8EFF-0B7D-4A2E-9D3D-FFFE26EFA031}.Release|x64.ActiveCfg = Release|Any CPU
		{88AE8EFF-0B7D-4A2E-9D3D-FFFE26EFA031}.Release|x64.Build.0 = Release|Any CPU
		{88AE8EFF-0B7D-4A2E-9D3D-FFFE26EFA031}.Release|x86.ActiveCfg = Release|Any CPU
		{88AE8EFF-0B7D-4A2E-9D3D-FFFE26EFA031}.Release|x86.Build.0 = Release|Any CPU
		{02F4C0B1-06F3-4421-A206-C06728FEF822}.Debug|Any CPU.ActiveCfg = Debug|Any CPU
		{02F4C0B1-06F3-4421-A206-C06728FEF822}.Debug|Any CPU.Build.0 = Debug|Any CPU
		{02F4C0B1-06F3-4421-A206-C06728FEF822}.Debug|x64.ActiveCfg = Debug|Any CPU
		{02F4C0B1-06F3-4421-A206-C06728FEF822}.Debug|x64.Build.0 = Debug|Any CPU
		{02F4C0B1-06F3-4421-A206-C06728FEF822}.Debug|x86.ActiveCfg = Debug|Any CPU
		{02F4C0B1-06F3-4421-A206-C06728FEF822}.Debug|x86.Build.0 = Debug|Any CPU
		{02F4C0B1-06F3-4421-A206-C06728FEF822}.Release|Any CPU.ActiveCfg = Release|Any CPU
		{02F4C0B1-06F3-4421-A206-C06728FEF822}.Release|Any CPU.Build.0 = Release|Any CPU
		{02F4C0B1-06F3-4421-A206-C06728FEF822}.Release|x64.ActiveCfg = Release|Any CPU
		{02F4C0B1-06F3-4421-A206-C06728FEF822}.Release|x64.Build.0 = Release|Any CPU
		{02F4C0B1-06F3-4421-A206-C06728FEF822}.Release|x86.ActiveCfg = Release|Any CPU
		{02F4C0B1-06F3-4421-A206-C06728FEF822}.Release|x86.Build.0 = Release|Any CPU
		{F43D9985-A42F-426A-9575-53FD353F2E62}.Debug|Any CPU.ActiveCfg = Debug|Any CPU
		{F43D9985-A42F-426A-9575-53FD353F2E62}.Debug|Any CPU.Build.0 = Debug|Any CPU
		{F43D9985-A42F-426A-9575-53FD353F2E62}.Debug|x64.ActiveCfg = Debug|Any CPU
		{F43D9985-A42F-426A-9575-53FD353F2E62}.Debug|x64.Build.0 = Debug|Any CPU
		{F43D9985-A42F-426A-9575-53FD353F2E62}.Debug|x86.ActiveCfg = Debug|Any CPU
		{F43D9985-A42F-426A-9575-53FD353F2E62}.Debug|x86.Build.0 = Debug|Any CPU
		{F43D9985-A42F-426A-9575-53FD353F2E62}.Release|Any CPU.ActiveCfg = Release|Any CPU
		{F43D9985-A42F-426A-9575-53FD353F2E62}.Release|Any CPU.Build.0 = Release|Any CPU
		{F43D9985-A42F-426A-9575-53FD353F2E62}.Release|x64.ActiveCfg = Release|Any CPU
		{F43D9985-A42F-426A-9575-53FD353F2E62}.Release|x64.Build.0 = Release|Any CPU
		{F43D9985-A42F-426A-9575-53FD353F2E62}.Release|x86.ActiveCfg = Release|Any CPU
		{F43D9985-A42F-426A-9575-53FD353F2E62}.Release|x86.Build.0 = Release|Any CPU
	EndGlobalSection
	GlobalSection(SolutionProperties) = preSolution
		HideSolutionNode = FALSE
	EndGlobalSection
	GlobalSection(NestedProjects) = preSolution
		{B7753C56-01C2-4264-AD39-FD337FA5E91B} = {827E0CD3-B72D-47B6-A68D-7590B98EB39B}
		{4F906060-FDE9-4087-8D5C-F3E22EF404A5} = {827E0CD3-B72D-47B6-A68D-7590B98EB39B}
		{F39469A2-9611-4426-B6DE-545210880DAC} = {827E0CD3-B72D-47B6-A68D-7590B98EB39B}
		{46A47D8E-08EF-4FCA-B880-7782427C71C7} = {827E0CD3-B72D-47B6-A68D-7590B98EB39B}
		{CD83DE5C-2040-4CF0-A72B-D87BC127F834} = {827E0CD3-B72D-47B6-A68D-7590B98EB39B}
		{5F600DE2-3F7A-4EA1-ABB3-23F24D755325} = {827E0CD3-B72D-47B6-A68D-7590B98EB39B}
		{2E2727E7-3FB0-4708-B799-E22F91A19BAF} = {827E0CD3-B72D-47B6-A68D-7590B98EB39B}
		{88AE8EFF-0B7D-4A2E-9D3D-FFFE26EFA031} = {827E0CD3-B72D-47B6-A68D-7590B98EB39B}
		{02F4C0B1-06F3-4421-A206-C06728FEF822} = {827E0CD3-B72D-47B6-A68D-7590B98EB39B}
		{F43D9985-A42F-426A-9575-53FD353F2E62} = {827E0CD3-B72D-47B6-A68D-7590B98EB39B}
	EndGlobalSection
EndGlobal
